
Microsoft Visual Studio Solution File, Format Version 12.00
# Visual Studio Version 17
VisualStudioVersion = 17.8.34309.116
MinimumVisualStudioVersion = 10.0.40219.1
Project("{8BC9CEB8-8B4A-11D0-8D11-00A0C91BC942}") = "gl6_I_n4", "gl6_I_n4.vcxproj", "{069578B4-4811-4756-AFE6-AB60D7FA23D5}"
EndProject
Global
	GlobalSection(SolutionConfigurationPlatforms) = preSolution
		Debug|x64 = Debug|x64
		Debug|x86 = Debug|x86
		Release|x64 = Release|x64
		Release|x86 = Release|x86
	EndGlobalSection
	GlobalSection(ProjectConfigurationPlatforms) = postSolution
		{069578B4-4811-4756-AFE6-AB60D7FA23D5}.Debug|x64.ActiveCfg = Debug|x64
		{069578B4-4811-4756-AFE6-AB60D7FA23D5}.Debug|x64.Build.0 = Debug|x64
		{069578B4-4811-4756-AFE6-AB60D7FA23D5}.Debug|x86.ActiveCfg = Debug|Win32
		{069578B4-4811-4756-AFE6-AB60D7FA23D5}.Debug|x86.Build.0 = Debug|Win32
		{069578B4-4811-4756-AFE6-AB60D7FA23D5}.Release|x64.ActiveCfg = Release|x64
		{069578B4-4811-4756-AFE6-AB60D7FA23D5}.Release|x64.Build.0 = Release|x64
		{069578B4-4811-4756-AFE6-AB60D7FA23D5}.Release|x86.ActiveCfg = Release|Win32
		{069578B4-4811-4756-AFE6-AB60D7FA23D5}.Release|x86.Build.0 = Release|Win32
	EndGlobalSection
	GlobalSection(SolutionProperties) = preSolution
		HideSolutionNode = FALSE
	EndGlobalSection
	GlobalSection(ExtensibilityGlobals) = postSolution
		SolutionGuid = {832A7F14-3BCA-4795-B2C7-B8432040D628}
	EndGlobalSection
EndGlobal
