
Microsoft Visual Studio Solution File, Format Version 12.00
# Visual Studio Version 17
VisualStudioVersion = 17.8.34316.72
MinimumVisualStudioVersion = 10.0.40219.1
Project("{8BC9CEB8-8B4A-11D0-8D11-00A0C91BC942}") = "gl5_IV_n4", "gl5_IV_n4.vcxproj", "{62DA61E4-1D1D-4E6B-86EE-5B8FE116C711}"
EndProject
Global
	GlobalSection(SolutionConfigurationPlatforms) = preSolution
		Debug|x64 = Debug|x64
		Debug|x86 = Debug|x86
		Release|x64 = Release|x64
		Release|x86 = Release|x86
	EndGlobalSection
	GlobalSection(ProjectConfigurationPlatforms) = postSolution
		{62DA61E4-1D1D-4E6B-86EE-5B8FE116C711}.Debug|x64.ActiveCfg = Debug|x64
		{62DA61E4-1D1D-4E6B-86EE-5B8FE116C711}.Debug|x64.Build.0 = Debug|x64
		{62DA61E4-1D1D-4E6B-86EE-5B8FE116C711}.Debug|x86.ActiveCfg = Debug|Win32
		{62DA61E4-1D1D-4E6B-86EE-5B8FE116C711}.Debug|x86.Build.0 = Debug|Win32
		{62DA61E4-1D1D-4E6B-86EE-5B8FE116C711}.Release|x64.ActiveCfg = Release|x64
		{62DA61E4-1D1D-4E6B-86EE-5B8FE116C711}.Release|x64.Build.0 = Release|x64
		{62DA61E4-1D1D-4E6B-86EE-5B8FE116C711}.Release|x86.ActiveCfg = Release|Win32
		{62DA61E4-1D1D-4E6B-86EE-5B8FE116C711}.Release|x86.Build.0 = Release|Win32
	EndGlobalSection
	GlobalSection(SolutionProperties) = preSolution
		HideSolutionNode = FALSE
	EndGlobalSection
	GlobalSection(ExtensibilityGlobals) = postSolution
		SolutionGuid = {716A11F6-2D89-419C-BB13-7861385204F9}
	EndGlobalSection
EndGlobal
