
Microsoft Visual Studio Solution File, Format Version 12.00
# Visual Studio Version 17
VisualStudioVersion = 17.8.34316.72
MinimumVisualStudioVersion = 10.0.40219.1
Project("{8BC9CEB8-8B4A-11D0-8D11-00A0C91BC942}") = "gl6_VI_n8", "gl6_VI_n8.vcxproj", "{A03F36BE-64FC-4F7F-9D44-493FFAE03B4D}"
EndProject
Global
	GlobalSection(SolutionConfigurationPlatforms) = preSolution
		Debug|x64 = Debug|x64
		Debug|x86 = Debug|x86
		Release|x64 = Release|x64
		Release|x86 = Release|x86
	EndGlobalSection
	GlobalSection(ProjectConfigurationPlatforms) = postSolution
		{A03F36BE-64FC-4F7F-9D44-493FFAE03B4D}.Debug|x64.ActiveCfg = Debug|x64
		{A03F36BE-64FC-4F7F-9D44-493FFAE03B4D}.Debug|x64.Build.0 = Debug|x64
		{A03F36BE-64FC-4F7F-9D44-493FFAE03B4D}.Debug|x86.ActiveCfg = Debug|Win32
		{A03F36BE-64FC-4F7F-9D44-493FFAE03B4D}.Debug|x86.Build.0 = Debug|Win32
		{A03F36BE-64FC-4F7F-9D44-493FFAE03B4D}.Release|x64.ActiveCfg = Release|x64
		{A03F36BE-64FC-4F7F-9D44-493FFAE03B4D}.Release|x64.Build.0 = Release|x64
		{A03F36BE-64FC-4F7F-9D44-493FFAE03B4D}.Release|x86.ActiveCfg = Release|Win32
		{A03F36BE-64FC-4F7F-9D44-493FFAE03B4D}.Release|x86.Build.0 = Release|Win32
	EndGlobalSection
	GlobalSection(SolutionProperties) = preSolution
		HideSolutionNode = FALSE
	EndGlobalSection
	GlobalSection(ExtensibilityGlobals) = postSolution
		SolutionGuid = {B71E73C4-BA46-42E3-BBD6-C5EAF2A7BB35}
	EndGlobalSection
EndGlobal
