
Microsoft Visual Studio Solution File, Format Version 12.00
# Visual Studio Version 17
VisualStudioVersion = 17.7.34031.279
MinimumVisualStudioVersion = 10.0.40219.1
Project("{8BC9CEB8-8B4A-11D0-8D11-00A0C91BC942}") = "gl3_I_n10", "gl3_I_n10.vcxproj", "{4DB18EB5-DF55-4169-814A-B8D5EAC78CC0}"
EndProject
Global
	GlobalSection(SolutionConfigurationPlatforms) = preSolution
		Debug|x64 = Debug|x64
		Debug|x86 = Debug|x86
		Release|x64 = Release|x64
		Release|x86 = Release|x86
	EndGlobalSection
	GlobalSection(ProjectConfigurationPlatforms) = postSolution
		{4DB18EB5-DF55-4169-814A-B8D5EAC78CC0}.Debug|x64.ActiveCfg = Debug|x64
		{4DB18EB5-DF55-4169-814A-B8D5EAC78CC0}.Debug|x64.Build.0 = Debug|x64
		{4DB18EB5-DF55-4169-814A-B8D5EAC78CC0}.Debug|x86.ActiveCfg = Debug|Win32
		{4DB18EB5-DF55-4169-814A-B8D5EAC78CC0}.Debug|x86.Build.0 = Debug|Win32
		{4DB18EB5-DF55-4169-814A-B8D5EAC78CC0}.Release|x64.ActiveCfg = Release|x64
		{4DB18EB5-DF55-4169-814A-B8D5EAC78CC0}.Release|x64.Build.0 = Release|x64
		{4DB18EB5-DF55-4169-814A-B8D5EAC78CC0}.Release|x86.ActiveCfg = Release|Win32
		{4DB18EB5-DF55-4169-814A-B8D5EAC78CC0}.Release|x86.Build.0 = Release|Win32
	EndGlobalSection
	GlobalSection(SolutionProperties) = preSolution
		HideSolutionNode = FALSE
	EndGlobalSection
	GlobalSection(ExtensibilityGlobals) = postSolution
		SolutionGuid = {8ACF4382-9EC7-4111-BC8C-786488D14588}
	EndGlobalSection
EndGlobal
