
Microsoft Visual Studio Solution File, Format Version 12.00
# Visual Studio Version 17
VisualStudioVersion = 17.9.34723.18
MinimumVisualStudioVersion = 10.0.40219.1
Project("{8BC9CEB8-8B4A-11D0-8D11-00A0C91BC942}") = "gl16_I_n7", "gl16_I_n7.vcxproj", "{22908A66-7C8C-490F-A48A-AE829615FC9B}"
EndProject
Global
	GlobalSection(SolutionConfigurationPlatforms) = preSolution
		Debug|x64 = Debug|x64
		Debug|x86 = Debug|x86
		Release|x64 = Release|x64
		Release|x86 = Release|x86
	EndGlobalSection
	GlobalSection(ProjectConfigurationPlatforms) = postSolution
		{22908A66-7C8C-490F-A48A-AE829615FC9B}.Debug|x64.ActiveCfg = Debug|x64
		{22908A66-7C8C-490F-A48A-AE829615FC9B}.Debug|x64.Build.0 = Debug|x64
		{22908A66-7C8C-490F-A48A-AE829615FC9B}.Debug|x86.ActiveCfg = Debug|Win32
		{22908A66-7C8C-490F-A48A-AE829615FC9B}.Debug|x86.Build.0 = Debug|Win32
		{22908A66-7C8C-490F-A48A-AE829615FC9B}.Release|x64.ActiveCfg = Release|x64
		{22908A66-7C8C-490F-A48A-AE829615FC9B}.Release|x64.Build.0 = Release|x64
		{22908A66-7C8C-490F-A48A-AE829615FC9B}.Release|x86.ActiveCfg = Release|Win32
		{22908A66-7C8C-490F-A48A-AE829615FC9B}.Release|x86.Build.0 = Release|Win32
	EndGlobalSection
	GlobalSection(SolutionProperties) = preSolution
		HideSolutionNode = FALSE
	EndGlobalSection
	GlobalSection(ExtensibilityGlobals) = postSolution
		SolutionGuid = {A4870770-2E69-476F-B556-AB2A59DAC3B5}
	EndGlobalSection
EndGlobal
