
Microsoft Visual Studio Solution File, Format Version 12.00
# Visual Studio Version 17
VisualStudioVersion = 17.9.34723.18
MinimumVisualStudioVersion = 10.0.40219.1
Project("{8BC9CEB8-8B4A-11D0-8D11-00A0C91BC942}") = "gl11_II_n15_quickSort", "gl11_II_n15_quickSort.vcxproj", "{240569BD-7DF5-4C8F-A66D-09A9E07A365F}"
EndProject
Global
	GlobalSection(SolutionConfigurationPlatforms) = preSolution
		Debug|x64 = Debug|x64
		Debug|x86 = Debug|x86
		Release|x64 = Release|x64
		Release|x86 = Release|x86
	EndGlobalSection
	GlobalSection(ProjectConfigurationPlatforms) = postSolution
		{240569BD-7DF5-4C8F-A66D-09A9E07A365F}.Debug|x64.ActiveCfg = Debug|x64
		{240569BD-7DF5-4C8F-A66D-09A9E07A365F}.Debug|x64.Build.0 = Debug|x64
		{240569BD-7DF5-4C8F-A66D-09A9E07A365F}.Debug|x86.ActiveCfg = Debug|Win32
		{240569BD-7DF5-4C8F-A66D-09A9E07A365F}.Debug|x86.Build.0 = Debug|Win32
		{240569BD-7DF5-4C8F-A66D-09A9E07A365F}.Release|x64.ActiveCfg = Release|x64
		{240569BD-7DF5-4C8F-A66D-09A9E07A365F}.Release|x64.Build.0 = Release|x64
		{240569BD-7DF5-4C8F-A66D-09A9E07A365F}.Release|x86.ActiveCfg = Release|Win32
		{240569BD-7DF5-4C8F-A66D-09A9E07A365F}.Release|x86.Build.0 = Release|Win32
	EndGlobalSection
	GlobalSection(SolutionProperties) = preSolution
		HideSolutionNode = FALSE
	EndGlobalSection
	GlobalSection(ExtensibilityGlobals) = postSolution
		SolutionGuid = {E98549E0-B45D-4F65-9DA3-3A0FFCF97F2B}
	EndGlobalSection
EndGlobal
